
Microsoft Visual Studio Solution File, Format Version 12.00
# Visual Studio Version 17
VisualStudioVersion = 17.11.35327.3
MinimumVisualStudioVersion = 10.0.40219.1
Project("{8BC9CEB8-8B4A-11D0-8D11-00A0C91BC942}") = "Functions", "Functions\Functions.vcxproj", "{43C849BE-4DF8-4B5B-BE3B-2120547760D7}"
EndProject
Global
	GlobalSection(SolutionConfigurationPlatforms) = preSolution
		Debug|x64 = Debug|x64
		Debug|x86 = Debug|x86
		Release|x64 = Release|x64
		Release|x86 = Release|x86
	EndGlobalSection
	GlobalSection(ProjectConfigurationPlatforms) = postSolution
		{43C849BE-4DF8-4B5B-BE3B-2120547760D7}.Debug|x64.ActiveCfg = Debug|x64
		{43C849BE-4DF8-4B5B-BE3B-2120547760D7}.Debug|x64.Build.0 = Debug|x64
		{43C849BE-4DF8-4B5B-BE3B-2120547760D7}.Debug|x86.ActiveCfg = Debug|Win32
		{43C849BE-4DF8-4B5B-BE3B-2120547760D7}.Debug|x86.Build.0 = Debug|Win32
		{43C849BE-4DF8-4B5B-BE3B-2120547760D7}.Release|x64.ActiveCfg = Release|x64
		{43C849BE-4DF8-4B5B-BE3B-2120547760D7}.Release|x64.Build.0 = Release|x64
		{43C849BE-4DF8-4B5B-BE3B-2120547760D7}.Release|x86.ActiveCfg = Release|Win32
		{43C849BE-4DF8-4B5B-BE3B-2120547760D7}.Release|x86.Build.0 = Release|Win32
	EndGlobalSection
	GlobalSection(SolutionProperties) = preSolution
		HideSolutionNode = FALSE
	EndGlobalSection
	GlobalSection(ExtensibilityGlobals) = postSolution
		SolutionGuid = {B0880775-CCEA-4195-823C-C46EC8EABDE7}
	EndGlobalSection
EndGlobal
